
Microsoft Visual Studio Solution File, Format Version 12.00
# Visual Studio Version 16
VisualStudioVersion = 16.0.32602.291
MinimumVisualStudioVersion = 10.0.40219.1
Project("{FAE04EC0-301F-11D3-BF4B-00C04F79EFBC}") = "Management", "Management.csproj", "{1B052B81-4233-4665-8AAA-E11A05BAB3F1}"
EndProject
Global
	GlobalSection(SolutionConfigurationPlatforms) = preSolution
		Debug|Any CPU = Debug|Any CPU
		Release|Any CPU = Release|Any CPU
	EndGlobalSection
	GlobalSection(ProjectConfigurationPlatforms) = postSolution
		{1B052B81-4233-4665-8AAA-E11A05BAB3F1}.Debug|Any CPU.ActiveCfg = Debug|Any CPU
		{1B052B81-4233-4665-8AAA-E11A05BAB3F1}.Debug|Any CPU.Build.0 = Debug|Any CPU
		{1B052B81-4233-4665-8AAA-E11A05BAB3F1}.Release|Any CPU.ActiveCfg = Release|Any CPU
		{1B052B81-4233-4665-8AAA-E11A05BAB3F1}.Release|Any CPU.Build.0 = Release|Any CPU
	EndGlobalSection
	GlobalSection(SolutionProperties) = preSolution
		HideSolutionNode = FALSE
	EndGlobalSection
	GlobalSection(ExtensibilityGlobals) = postSolution
		SolutionGuid = {36DA2600-3889-4C79-970E-A261EB46FDDD}
	EndGlobalSection
EndGlobal
